
Microsoft Visual Studio Solution File, Format Version 12.00
# Visual Studio 15
VisualStudioVersion = 15.0.28307.572
MinimumVisualStudioVersion = 10.0.40219.1
Project("{FAE04EC0-301F-11D3-BF4B-00C04F79EFBC}") = "CheckPalindrome", "CheckPalindrome\CheckPalindrome.csproj", "{B3FB8470-2323-4BC1-ADCF-83631D50C1E6}"
EndProject
Project("{FAE04EC0-301F-11D3-BF4B-00C04F79EFBC}") = "CheckPalindrome.Test", "UnitTestProject1\CheckPalindrome.Test.csproj", "{A8A7BA9F-B8E0-47A4-8D6D-0DF7794DC4F4}"
EndProject
Global
	GlobalSection(SolutionConfigurationPlatforms) = preSolution
		Debug|Any CPU = Debug|Any CPU
		Release|Any CPU = Release|Any CPU
	EndGlobalSection
	GlobalSection(ProjectConfigurationPlatforms) = postSolution
		{B3FB8470-2323-4BC1-ADCF-83631D50C1E6}.Debug|Any CPU.ActiveCfg = Debug|Any CPU
		{B3FB8470-2323-4BC1-ADCF-83631D50C1E6}.Debug|Any CPU.Build.0 = Debug|Any CPU
		{B3FB8470-2323-4BC1-ADCF-83631D50C1E6}.Release|Any CPU.ActiveCfg = Release|Any CPU
		{B3FB8470-2323-4BC1-ADCF-83631D50C1E6}.Release|Any CPU.Build.0 = Release|Any CPU
		{A8A7BA9F-B8E0-47A4-8D6D-0DF7794DC4F4}.Debug|Any CPU.ActiveCfg = Debug|Any CPU
		{A8A7BA9F-B8E0-47A4-8D6D-0DF7794DC4F4}.Debug|Any CPU.Build.0 = Debug|Any CPU
		{A8A7BA9F-B8E0-47A4-8D6D-0DF7794DC4F4}.Release|Any CPU.ActiveCfg = Release|Any CPU
		{A8A7BA9F-B8E0-47A4-8D6D-0DF7794DC4F4}.Release|Any CPU.Build.0 = Release|Any CPU
	EndGlobalSection
	GlobalSection(SolutionProperties) = preSolution
		HideSolutionNode = FALSE
	EndGlobalSection
	GlobalSection(ExtensibilityGlobals) = postSolution
		SolutionGuid = {3A2987C2-7D92-4D0D-9BD0-000652CE4296}
	EndGlobalSection
EndGlobal
